Microsoft Visual Studio Solution File, Format Version 12.00
# Visual Studio 15
VisualStudioVersion = 15.0.27004.2005
MinimumVisualStudioVersion = 10.0.40219.1
Project("{2150E333-8FDC-42A3-9474-1A3956D46DE8}") = "Solution Items", "Solution Items", "{CC679657-AF36-470E-9976-BB00E6792F32}"
	ProjectSection(SolutionItems) = preProject
		ApprovalTests.build = ApprovalTests.build
		ApprovalTests.vsmdi = ApprovalTests.vsmdi
		ApprovalTests1.vsmdi = ApprovalTests1.vsmdi
		Directory.Build.props = Directory.Build.props
		LocalTestRun.testrunconfig = LocalTestRun.testrunconfig
		MyGet.cmd = MyGet.cmd
	EndProjectSection
EndProject
Project("{9A19103F-16F7-4668-BE54-9A1E7A4F7556}") = "ApprovalTests", "ApprovalTests\ApprovalTests.csproj", "{F70C9A76-F797-4167-8178-14821F8634BC}"
EndProject
Project("{9A19103F-16F7-4668-BE54-9A1E7A4F7556}") = "ApprovalTests.Tests", "ApprovalTests.Tests\ApprovalTests.Tests.csproj", "{7B8D265D-35BB-4817-B074-F5056E5A9B4E}"
EndProject
Project("{9A19103F-16F7-4668-BE54-9A1E7A4F7556}") = "ApprovalTests.MSTest", "ApprovalTests.MSTest\ApprovalTests.MSTest.csproj", "{55C72CD1-7EFA-4A12-8C6F-7F917CF83A40}"
EndProject
Project("{9A19103F-16F7-4668-BE54-9A1E7A4F7556}") = "ApprovalUtilities.Tests", "ApprovalUtilities.Tests\ApprovalUtilities.Tests.csproj", "{01EB7BB9-743C-4FB0-B97F-A6E2B4AF86CF}"
EndProject
Project("{9A19103F-16F7-4668-BE54-9A1E7A4F7556}") = "ApprovalUtilities", "ApprovalUtilities\ApprovalUtilities.csproj", "{E9683C33-7A71-4776-B7C9-E89C565AC16B}"
EndProject
Project("{FAE04EC0-301F-11D3-BF4B-00C04F79EFBC}") = "ReportingDemo", "ReportingDemo\ReportingDemo.csproj", "{F50278FC-C888-4DD3-898D-CFCF99147E3D}"
EndProject
Project("{9A19103F-16F7-4668-BE54-9A1E7A4F7556}") = "ApprovalTests.MSpec", "ApprovalTests.MSpec\ApprovalTests.MSpec.csproj", "{55CE757D-BBE0-4006-898C-CC884D95C520}"
EndProject
Project("{9A19103F-16F7-4668-BE54-9A1E7A4F7556}") = "ApprovalTests.Xunit", "ApprovalTests.Xunit\ApprovalTests.Xunit.csproj", "{B8AAA028-1890-40B6-84B8-2F46986EEE8C}"
EndProject
Project("{9A19103F-16F7-4668-BE54-9A1E7A4F7556}") = "ApprovalTests.MachineSpecific.Tests", "ApprovalTests.MachineSpecific.Tests\ApprovalTests.MachineSpecific.Tests.csproj", "{E9786FB3-9A3A-4072-A799-CF867844BEF5}"
EndProject
Project("{9A19103F-16F7-4668-BE54-9A1E7A4F7556}") = "ApprovalTests.Xunit2", "ApprovalTests.Xunit2\ApprovalTests.Xunit2.csproj", "{E9BD0B96-01C4-4B25-ADFD-3A630970D267}"
EndProject
Project("{9A19103F-16F7-4668-BE54-9A1E7A4F7556}") = "ApprovalTests.MSTestV2", "ApprovalTests.MsTestV2\ApprovalTests.MSTestV2.csproj", "{FF75C241-44F6-4ED8-BADA-CA35D98F5782}"
EndProject
Project("{9A19103F-16F7-4668-BE54-9A1E7A4F7556}") = "ApprovalTests.WinForms", "ApprovalTests.WinForms\ApprovalTests.WinForms.csproj", "{86C1830A-BCBB-403B-856A-12FFC9F93966}"
EndProject
Project("{9A19103F-16F7-4668-BE54-9A1E7A4F7556}") = "ApprovalTests.WinForms.Tests", "ApprovalTests.WinForms.Tests\ApprovalTests.WinForms.Tests.csproj", "{F236FD82-A470-422D-BDD7-7752BE2B0CA8}"
EndProject
Project("{9A19103F-16F7-4668-BE54-9A1E7A4F7556}") = "ApprovalTests.Rdlc", "ApprovalTests.Rdlc\ApprovalTests.Rdlc.csproj", "{1C03B503-2376-471C-96D8-8BE735F32493}"
EndProject
Project("{9A19103F-16F7-4668-BE54-9A1E7A4F7556}") = "ApprovalTests.Rdlc.Tests", "ApprovalTests.Rdlc.Tests\ApprovalTests.Rdlc.Tests.csproj", "{F84FFE6A-24E2-482C-B75E-626D03BD9889}"
EndProject
Project("{9A19103F-16F7-4668-BE54-9A1E7A4F7556}") = "ApprovalTests.NHibernate.Tests", "ApprovalTests.NHibernate.Tests\ApprovalTests.NHibernate.Tests.csproj", "{F347F72E-07D5-472E-8E03-B79422028F88}"
EndProject
Project("{9A19103F-16F7-4668-BE54-9A1E7A4F7556}") = "ApprovalTests.NHibernate", "ApprovalTests.NHibernate\ApprovalTests.NHibernate.csproj", "{C1F1569A-B58E-4DEC-93B0-2B7A482E77FB}"
EndProject
Project("{9A19103F-16F7-4668-BE54-9A1E7A4F7556}") = "ApprovalTests.EntityFramework", "ApprovalTests.EntityFramework\ApprovalTests.EntityFramework.csproj", "{ED0D5871-AE8E-4164-B496-5C5FC6E3BC00}"
EndProject
Project("{9A19103F-16F7-4668-BE54-9A1E7A4F7556}") = "ApprovalTests.EntityFramework.Tests", "ApprovalTests.EntityFramework.Tests\ApprovalTests.EntityFramework.Tests.csproj", "{83282D39-556E-48A3-803A-1D920983B846}"
EndProject
Project("{9A19103F-16F7-4668-BE54-9A1E7A4F7556}") = "ApprovalTests.Wpf", "ApprovalTests.Wpf\ApprovalTests.Wpf.csproj", "{F2572B5C-DB03-4D66-B974-6D5F1519AEFF}"
EndProject
Project("{9A19103F-16F7-4668-BE54-9A1E7A4F7556}") = "ApprovalTests.Wpf.Tests", "ApprovalTests.Wpf.Tests\ApprovalTests.Wpf.Tests.csproj", "{4252ED0A-82D3-4E70-9925-BB2DFC770422}"
EndProject
Project("{9A19103F-16F7-4668-BE54-9A1E7A4F7556}") = "ApprovalTests.StatePrinter", "ApprovalTests.StatePrinter\ApprovalTests.StatePrinter.csproj", "{846405BF-D4C1-43BB-93D4-92456D1DBFD7}"
EndProject
Project("{9A19103F-16F7-4668-BE54-9A1E7A4F7556}") = "ApprovalTests.StatePrinter.Tests", "ApprovalTests.StatePrinter.Tests\ApprovalTests.StatePrinter.Tests.csproj", "{D57777D3-AEFF-402A-BC6F-A645BFCAA752}"
EndProject
Project("{9A19103F-16F7-4668-BE54-9A1E7A4F7556}") = "ApprovalTests.EntityFrameworkUtilities", "ApprovalTests.EntityFrameworkUtilities\ApprovalTests.EntityFrameworkUtilities.csproj", "{4E5614F7-7EBC-4C58-AE21-6CA998960EF3}"
EndProject
Project("{9A19103F-16F7-4668-BE54-9A1E7A4F7556}") = "ApprovalTests.AppConfig", "ApprovalTests.AppConfig\ApprovalTests.AppConfig.csproj", "{3EA875D6-2087-41B8-9A4D-6A8717A965DE}"
EndProject
Project("{9A19103F-16F7-4668-BE54-9A1E7A4F7556}") = "ApprovalTests.AppConfig.Tests", "ApprovalTests.AppConfig.Tests\ApprovalTests.AppConfig.Tests.csproj", "{82A65038-B52E-430F-A42F-87F0B566442B}"
EndProject
Global
	GlobalSection(SolutionConfigurationPlatforms) = preSolution
		Debug|Any CPU = Debug|Any CPU
		Release|Any CPU = Release|Any CPU
	EndGlobalSection
	GlobalSection(ProjectConfigurationPlatforms) = postSolution
		{F70C9A76-F797-4167-8178-14821F8634BC}.Debug|Any CPU.ActiveCfg = Debug|Any CPU
		{F70C9A76-F797-4167-8178-14821F8634BC}.Debug|Any CPU.Build.0 = Debug|Any CPU
		{F70C9A76-F797-4167-8178-14821F8634BC}.Release|Any CPU.ActiveCfg = Release|Any CPU
		{F70C9A76-F797-4167-8178-14821F8634BC}.Release|Any CPU.Build.0 = Release|Any CPU
		{7B8D265D-35BB-4817-B074-F5056E5A9B4E}.Debug|Any CPU.ActiveCfg = Debug|Any CPU
		{7B8D265D-35BB-4817-B074-F5056E5A9B4E}.Debug|Any CPU.Build.0 = Debug|Any CPU
		{7B8D265D-35BB-4817-B074-F5056E5A9B4E}.Release|Any CPU.ActiveCfg = Release|Any CPU
		{7B8D265D-35BB-4817-B074-F5056E5A9B4E}.Release|Any CPU.Build.0 = Release|Any CPU
		{55C72CD1-7EFA-4A12-8C6F-7F917CF83A40}.Debug|Any CPU.ActiveCfg = Debug|Any CPU
		{55C72CD1-7EFA-4A12-8C6F-7F917CF83A40}.Debug|Any CPU.Build.0 = Debug|Any CPU
		{55C72CD1-7EFA-4A12-8C6F-7F917CF83A40}.Release|Any CPU.ActiveCfg = Release|Any CPU
		{55C72CD1-7EFA-4A12-8C6F-7F917CF83A40}.Release|Any CPU.Build.0 = Release|Any CPU
		{01EB7BB9-743C-4FB0-B97F-A6E2B4AF86CF}.Debug|Any CPU.ActiveCfg = Debug|Any CPU
		{01EB7BB9-743C-4FB0-B97F-A6E2B4AF86CF}.Debug|Any CPU.Build.0 = Debug|Any CPU
		{01EB7BB9-743C-4FB0-B97F-A6E2B4AF86CF}.Release|Any CPU.ActiveCfg = Release|Any CPU
		{01EB7BB9-743C-4FB0-B97F-A6E2B4AF86CF}.Release|Any CPU.Build.0 = Release|Any CPU
		{E9683C33-7A71-4776-B7C9-E89C565AC16B}.Debug|Any CPU.ActiveCfg = Debug|Any CPU
		{E9683C33-7A71-4776-B7C9-E89C565AC16B}.Debug|Any CPU.Build.0 = Debug|Any CPU
		{E9683C33-7A71-4776-B7C9-E89C565AC16B}.Release|Any CPU.ActiveCfg = Release|Any CPU
		{E9683C33-7A71-4776-B7C9-E89C565AC16B}.Release|Any CPU.Build.0 = Release|Any CPU
		{F50278FC-C888-4DD3-898D-CFCF99147E3D}.Debug|Any CPU.ActiveCfg = Debug|Any CPU
		{F50278FC-C888-4DD3-898D-CFCF99147E3D}.Debug|Any CPU.Build.0 = Debug|Any CPU
		{F50278FC-C888-4DD3-898D-CFCF99147E3D}.Release|Any CPU.ActiveCfg = Release|Any CPU
		{55CE757D-BBE0-4006-898C-CC884D95C520}.Debug|Any CPU.ActiveCfg = Debug|Any CPU
		{55CE757D-BBE0-4006-898C-CC884D95C520}.Debug|Any CPU.Build.0 = Debug|Any CPU
		{55CE757D-BBE0-4006-898C-CC884D95C520}.Release|Any CPU.ActiveCfg = Release|Any CPU
		{55CE757D-BBE0-4006-898C-CC884D95C520}.Release|Any CPU.Build.0 = Release|Any CPU
		{B8AAA028-1890-40B6-84B8-2F46986EEE8C}.Debug|Any CPU.ActiveCfg = Debug|Any CPU
		{B8AAA028-1890-40B6-84B8-2F46986EEE8C}.Debug|Any CPU.Build.0 = Debug|Any CPU
		{B8AAA028-1890-40B6-84B8-2F46986EEE8C}.Release|Any CPU.ActiveCfg = Release|Any CPU
		{B8AAA028-1890-40B6-84B8-2F46986EEE8C}.Release|Any CPU.Build.0 = Release|Any CPU
		{E9786FB3-9A3A-4072-A799-CF867844BEF5}.Debug|Any CPU.ActiveCfg = Debug|Any CPU
		{E9786FB3-9A3A-4072-A799-CF867844BEF5}.Debug|Any CPU.Build.0 = Debug|Any CPU
		{E9786FB3-9A3A-4072-A799-CF867844BEF5}.Release|Any CPU.ActiveCfg = Release|Any CPU
		{E9786FB3-9A3A-4072-A799-CF867844BEF5}.Release|Any CPU.Build.0 = Release|Any CPU
		{E9BD0B96-01C4-4B25-ADFD-3A630970D267}.Debug|Any CPU.ActiveCfg = Debug|Any CPU
		{E9BD0B96-01C4-4B25-ADFD-3A630970D267}.Debug|Any CPU.Build.0 = Debug|Any CPU
		{E9BD0B96-01C4-4B25-ADFD-3A630970D267}.Release|Any CPU.ActiveCfg = Release|Any CPU
		{E9BD0B96-01C4-4B25-ADFD-3A630970D267}.Release|Any CPU.Build.0 = Release|Any CPU
		{FF75C241-44F6-4ED8-BADA-CA35D98F5782}.Debug|Any CPU.ActiveCfg = Debug|Any CPU
		{FF75C241-44F6-4ED8-BADA-CA35D98F5782}.Debug|Any CPU.Build.0 = Debug|Any CPU
		{FF75C241-44F6-4ED8-BADA-CA35D98F5782}.Release|Any CPU.ActiveCfg = Release|Any CPU
		{FF75C241-44F6-4ED8-BADA-CA35D98F5782}.Release|Any CPU.Build.0 = Release|Any CPU
		{86C1830A-BCBB-403B-856A-12FFC9F93966}.Debug|Any CPU.ActiveCfg = Debug|Any CPU
		{86C1830A-BCBB-403B-856A-12FFC9F93966}.Debug|Any CPU.Build.0 = Debug|Any CPU
		{86C1830A-BCBB-403B-856A-12FFC9F93966}.Release|Any CPU.ActiveCfg = Release|Any CPU
		{86C1830A-BCBB-403B-856A-12FFC9F93966}.Release|Any CPU.Build.0 = Release|Any CPU
		{F236FD82-A470-422D-BDD7-7752BE2B0CA8}.Debug|Any CPU.ActiveCfg = Debug|Any CPU
		{F236FD82-A470-422D-BDD7-7752BE2B0CA8}.Debug|Any CPU.Build.0 = Debug|Any CPU
		{F236FD82-A470-422D-BDD7-7752BE2B0CA8}.Release|Any CPU.ActiveCfg = Release|Any CPU
		{F236FD82-A470-422D-BDD7-7752BE2B0CA8}.Release|Any CPU.Build.0 = Release|Any CPU
		{1C03B503-2376-471C-96D8-8BE735F32493}.Debug|Any CPU.ActiveCfg = Debug|Any CPU
		{1C03B503-2376-471C-96D8-8BE735F32493}.Debug|Any CPU.Build.0 = Debug|Any CPU
		{1C03B503-2376-471C-96D8-8BE735F32493}.Release|Any CPU.ActiveCfg = Release|Any CPU
		{1C03B503-2376-471C-96D8-8BE735F32493}.Release|Any CPU.Build.0 = Release|Any CPU
		{F84FFE6A-24E2-482C-B75E-626D03BD9889}.Debug|Any CPU.ActiveCfg = Debug|Any CPU
		{F84FFE6A-24E2-482C-B75E-626D03BD9889}.Debug|Any CPU.Build.0 = Debug|Any CPU
		{F84FFE6A-24E2-482C-B75E-626D03BD9889}.Release|Any CPU.ActiveCfg = Release|Any CPU
		{F84FFE6A-24E2-482C-B75E-626D03BD9889}.Release|Any CPU.Build.0 = Release|Any CPU
		{F347F72E-07D5-472E-8E03-B79422028F88}.Debug|Any CPU.ActiveCfg = Debug|Any CPU
		{F347F72E-07D5-472E-8E03-B79422028F88}.Debug|Any CPU.Build.0 = Debug|Any CPU
		{F347F72E-07D5-472E-8E03-B79422028F88}.Release|Any CPU.ActiveCfg = Release|Any CPU
		{F347F72E-07D5-472E-8E03-B79422028F88}.Release|Any CPU.Build.0 = Release|Any CPU
		{C1F1569A-B58E-4DEC-93B0-2B7A482E77FB}.Debug|Any CPU.ActiveCfg = Debug|Any CPU
		{C1F1569A-B58E-4DEC-93B0-2B7A482E77FB}.Debug|Any CPU.Build.0 = Debug|Any CPU
		{C1F1569A-B58E-4DEC-93B0-2B7A482E77FB}.Release|Any CPU.ActiveCfg = Release|Any CPU
		{C1F1569A-B58E-4DEC-93B0-2B7A482E77FB}.Release|Any CPU.Build.0 = Release|Any CPU
		{ED0D5871-AE8E-4164-B496-5C5FC6E3BC00}.Debug|Any CPU.ActiveCfg = Debug|Any CPU
		{ED0D5871-AE8E-4164-B496-5C5FC6E3BC00}.Debug|Any CPU.Build.0 = Debug|Any CPU
		{ED0D5871-AE8E-4164-B496-5C5FC6E3BC00}.Release|Any CPU.ActiveCfg = Release|Any CPU
		{ED0D5871-AE8E-4164-B496-5C5FC6E3BC00}.Release|Any CPU.Build.0 = Release|Any CPU
		{83282D39-556E-48A3-803A-1D920983B846}.Debug|Any CPU.ActiveCfg = Debug|Any CPU
		{83282D39-556E-48A3-803A-1D920983B846}.Debug|Any CPU.Build.0 = Debug|Any CPU
		{83282D39-556E-48A3-803A-1D920983B846}.Release|Any CPU.ActiveCfg = Release|Any CPU
		{83282D39-556E-48A3-803A-1D920983B846}.Release|Any CPU.Build.0 = Release|Any CPU
		{F2572B5C-DB03-4D66-B974-6D5F1519AEFF}.Debug|Any CPU.ActiveCfg = Debug|Any CPU
		{F2572B5C-DB03-4D66-B974-6D5F1519AEFF}.Debug|Any CPU.Build.0 = Debug|Any CPU
		{F2572B5C-DB03-4D66-B974-6D5F1519AEFF}.Release|Any CPU.ActiveCfg = Release|Any CPU
		{F2572B5C-DB03-4D66-B974-6D5F1519AEFF}.Release|Any CPU.Build.0 = Release|Any CPU
		{4252ED0A-82D3-4E70-9925-BB2DFC770422}.Debug|Any CPU.ActiveCfg = Debug|Any CPU
		{4252ED0A-82D3-4E70-9925-BB2DFC770422}.Debug|Any CPU.Build.0 = Debug|Any CPU
		{4252ED0A-82D3-4E70-9925-BB2DFC770422}.Release|Any CPU.ActiveCfg = Release|Any CPU
		{4252ED0A-82D3-4E70-9925-BB2DFC770422}.Release|Any CPU.Build.0 = Release|Any CPU
		{846405BF-D4C1-43BB-93D4-92456D1DBFD7}.Debug|Any CPU.ActiveCfg = Debug|Any CPU
		{846405BF-D4C1-43BB-93D4-92456D1DBFD7}.Debug|Any CPU.Build.0 = Debug|Any CPU
		{846405BF-D4C1-43BB-93D4-92456D1DBFD7}.Release|Any CPU.ActiveCfg = Release|Any CPU
		{846405BF-D4C1-43BB-93D4-92456D1DBFD7}.Release|Any CPU.Build.0 = Release|Any CPU
		{D57777D3-AEFF-402A-BC6F-A645BFCAA752}.Debug|Any CPU.ActiveCfg = Debug|Any CPU
		{D57777D3-AEFF-402A-BC6F-A645BFCAA752}.Debug|Any CPU.Build.0 = Debug|Any CPU
		{D57777D3-AEFF-402A-BC6F-A645BFCAA752}.Release|Any CPU.ActiveCfg = Release|Any CPU
		{D57777D3-AEFF-402A-BC6F-A645BFCAA752}.Release|Any CPU.Build.0 = Release|Any CPU
		{4E5614F7-7EBC-4C58-AE21-6CA998960EF3}.Debug|Any CPU.ActiveCfg = Debug|Any CPU
		{4E5614F7-7EBC-4C58-AE21-6CA998960EF3}.Debug|Any CPU.Build.0 = Debug|Any CPU
		{4E5614F7-7EBC-4C58-AE21-6CA998960EF3}.Release|Any CPU.ActiveCfg = Release|Any CPU
		{4E5614F7-7EBC-4C58-AE21-6CA998960EF3}.Release|Any CPU.Build.0 = Release|Any CPU
		{3EA875D6-2087-41B8-9A4D-6A8717A965DE}.Debug|Any CPU.ActiveCfg = Debug|Any CPU
		{3EA875D6-2087-41B8-9A4D-6A8717A965DE}.Debug|Any CPU.Build.0 = Debug|Any CPU
		{3EA875D6-2087-41B8-9A4D-6A8717A965DE}.Release|Any CPU.ActiveCfg = Release|Any CPU
		{3EA875D6-2087-41B8-9A4D-6A8717A965DE}.Release|Any CPU.Build.0 = Release|Any CPU
		{82A65038-B52E-430F-A42F-87F0B566442B}.Debug|Any CPU.ActiveCfg = Debug|Any CPU
		{82A65038-B52E-430F-A42F-87F0B566442B}.Debug|Any CPU.Build.0 = Debug|Any CPU
		{82A65038-B52E-430F-A42F-87F0B566442B}.Release|Any CPU.ActiveCfg = Release|Any CPU
		{82A65038-B52E-430F-A42F-87F0B566442B}.Release|Any CPU.Build.0 = Release|Any CPU
	EndGlobalSection
	GlobalSection(SolutionProperties) = preSolution
		HideSolutionNode = FALSE
	EndGlobalSection
	GlobalSection(ExtensibilityGlobals) = postSolution
		SolutionGuid = {56180843-A1A5-4711-81AF-318E8C8F8CE8}
	EndGlobalSection
	GlobalSection(TestCaseManagementSettings) = postSolution
		CategoryFile = ApprovalTests1.vsmdi
	EndGlobalSection
EndGlobal
